// !$*UTF8*$!
{
	archiveVersion = 1;
	classes = {
	};
	objectVersion = 56;
	objects = {

/* Begin PBXBuildFile section */
		BD62AE5409713E6182D9F760 /* Pods_Pill_IT.framework in Frameworks */ = {isa = PBXBuildFile; fileRef = 659394A6D31F48048CED413D /* Pods_Pill_IT.framework */; };
		DB0368232BA1D18A006A62AD /* UITabbarController+Extension.swift in Sources */ = {isa = PBXBuildFile; fileRef = DB0368222BA1D18A006A62AD /* UITabbarController+Extension.swift */; };
		DB0368252BA1DBBB006A62AD /* PillManagementView.swift in Sources */ = {isa = PBXBuildFile; fileRef = DB0368242BA1DBBB006A62AD /* PillManagementView.swift */; };
		DB0368272BA1E7E9006A62AD /* PillManagermentCollectionViewCell.swift in Sources */ = {isa = PBXBuildFile; fileRef = DB0368262BA1E7E9006A62AD /* PillManagermentCollectionViewCell.swift */; };
		DB0368292BA1F889006A62AD /* PillManagementViewModel.swift in Sources */ = {isa = PBXBuildFile; fileRef = DB0368282BA1F889006A62AD /* PillManagementViewModel.swift */; };
		DB0F10D92B9F311B000DC430 /* UIView+Extension.swift in Sources */ = {isa = PBXBuildFile; fileRef = DB0F10D82B9F311B000DC430 /* UIView+Extension.swift */; };
		DB0F10DB2B9F7FCB000DC430 /* NaverSearchModel.swift in Sources */ = {isa = PBXBuildFile; fileRef = DB0F10DA2B9F7FCB000DC430 /* NaverSearchModel.swift */; };
		DB0F10DD2B9F83CD000DC430 /* RegisterPillWebSearchViewController.swift in Sources */ = {isa = PBXBuildFile; fileRef = DB0F10DC2B9F83CD000DC430 /* RegisterPillWebSearchViewController.swift */; };
		DB0F10E02B9F885E000DC430 /* RegisterPillWebSearchCollectionViewCell.swift in Sources */ = {isa = PBXBuildFile; fileRef = DB0F10DF2B9F885E000DC430 /* RegisterPillWebSearchCollectionViewCell.swift */; };
		DB21CDA92BA03CF00041C892 /* String+Extension.swift in Sources */ = {isa = PBXBuildFile; fileRef = DB21CDA82BA03CF00041C892 /* String+Extension.swift */; };
		DB5600642B9A458900E6558E /* RealmModel.swift in Sources */ = {isa = PBXBuildFile; fileRef = DB5600632B9A458900E6558E /* RealmModel.swift */; };
		DB5E59B72BA5D29500C753BD /* PillAlaramViewModel.swift in Sources */ = {isa = PBXBuildFile; fileRef = DB5E59B62BA5D29500C753BD /* PillAlaramViewModel.swift */; };
		DB5E59B92BA5D45D00C753BD /* PillAlarmView.swift in Sources */ = {isa = PBXBuildFile; fileRef = DB5E59B82BA5D45D00C753BD /* PillAlarmView.swift */; };
		DB5E59BB2BA5DAFE00C753BD /* PillAlarmCollectionViewCell.swift in Sources */ = {isa = PBXBuildFile; fileRef = DB5E59BA2BA5DAFE00C753BD /* PillAlarmCollectionViewCell.swift */; };
		DB8D12452BA2EC70002E34BC /* PillAlarmViewController.swift in Sources */ = {isa = PBXBuildFile; fileRef = DB8D12442BA2EC70002E34BC /* PillAlarmViewController.swift */; };
		DB8D12472BA3EC69002E34BC /* UICollectionView+Extension.swift in Sources */ = {isa = PBXBuildFile; fileRef = DB8D12462BA3EC69002E34BC /* UICollectionView+Extension.swift */; };
		DB8D12492BA48B38002E34BC /* SharedEnumeration.swift in Sources */ = {isa = PBXBuildFile; fileRef = DB8D12482BA48B38002E34BC /* SharedEnumeration.swift */; };
		DB8D124B2BA48FD0002E34BC /* UIViewController+Extension.swift in Sources */ = {isa = PBXBuildFile; fileRef = DB8D124A2BA48FD0002E34BC /* UIViewController+Extension.swift */; };
		DBF048682B9AAA080020750F /* PillAPIManager.swift in Sources */ = {isa = PBXBuildFile; fileRef = DBF048672B9AAA080020750F /* PillAPIManager.swift */; };
		DBF0486A2B9B0E9C0020750F /* PillPermitDetailModel.swift in Sources */ = {isa = PBXBuildFile; fileRef = DBF048692B9B0E9C0020750F /* PillPermitDetailModel.swift */; };
		DBF446592B9983930021BC0F /* AppDelegate.swift in Sources */ = {isa = PBXBuildFile; fileRef = DBF446582B9983930021BC0F /* AppDelegate.swift */; };
		DBF4465B2B9983930021BC0F /* SceneDelegate.swift in Sources */ = {isa = PBXBuildFile; fileRef = DBF4465A2B9983930021BC0F /* SceneDelegate.swift */; };
		DBF446622B9983940021BC0F /* Assets.xcassets in Resources */ = {isa = PBXBuildFile; fileRef = DBF446612B9983940021BC0F /* Assets.xcassets */; };
		DBF446652B9983940021BC0F /* Base in Resources */ = {isa = PBXBuildFile; fileRef = DBF446642B9983940021BC0F /* Base */; };
		DBF4466F2B9985FE0021BC0F /* .gitignore in Resources */ = {isa = PBXBuildFile; fileRef = DBF4466E2B9985FE0021BC0F /* .gitignore */; };
		DBF446712B998DBD0021BC0F /* GoogleService-Info.plist in Resources */ = {isa = PBXBuildFile; fileRef = DBF446702B998DBD0021BC0F /* GoogleService-Info.plist */; };
		DBF446772B9990500021BC0F /* PillAPI.swift in Sources */ = {isa = PBXBuildFile; fileRef = DBF446762B9990500021BC0F /* PillAPI.swift */; };
		DBF4467E2B9990EF0021BC0F /* PillPermitModel.swift in Sources */ = {isa = PBXBuildFile; fileRef = DBF4467D2B9990EF0021BC0F /* PillPermitModel.swift */; };
		DBF446802B9991820021BC0F /* APIKey.swift in Sources */ = {isa = PBXBuildFile; fileRef = DBF4467F2B9991820021BC0F /* APIKey.swift */; };
		DBF446822B99AA4C0021BC0F /* RegisterPillViewController.swift in Sources */ = {isa = PBXBuildFile; fileRef = DBF446812B99AA4C0021BC0F /* RegisterPillViewController.swift */; };
		DBF446842B99ADC60021BC0F /* FileDownloadManager.swift in Sources */ = {isa = PBXBuildFile; fileRef = DBF446832B99ADC60021BC0F /* FileDownloadManager.swift */; };
		DBF446892B99EDB10021BC0F /* MetaDataModel.swift in Sources */ = {isa = PBXBuildFile; fileRef = DBF446882B99EDB10021BC0F /* MetaDataModel.swift */; };
		DBF4468E2B9A350E0021BC0F /* PillRepository.swift in Sources */ = {isa = PBXBuildFile; fileRef = DBF4468D2B9A350E0021BC0F /* PillRepository.swift */; };
		DBF735082B9CB58100326852 /* MainTabBarController.swift in Sources */ = {isa = PBXBuildFile; fileRef = DBF735072B9CB58100326852 /* MainTabBarController.swift */; };
		DBF7350A2B9CBC3000326852 /* NotificationViewController.swift in Sources */ = {isa = PBXBuildFile; fileRef = DBF735092B9CBC3000326852 /* NotificationViewController.swift */; };
		DBF7350C2B9CBC4300326852 /* PillManagementViewController.swift in Sources */ = {isa = PBXBuildFile; fileRef = DBF7350B2B9CBC4300326852 /* PillManagementViewController.swift */; };
		DBF735102B9CC6FD00326852 /* extension.swift in Sources */ = {isa = PBXBuildFile; fileRef = DBF7350F2B9CC6FD00326852 /* extension.swift */; };
		DBF735122B9CC71800326852 /* WHTabbarController.swift in Sources */ = {isa = PBXBuildFile; fileRef = DBF735112B9CC71800326852 /* WHTabbarController.swift */; };
		DBF735192B9DD3BE00326852 /* BaseCollectionViewCell.swift in Sources */ = {isa = PBXBuildFile; fileRef = DBF735152B9DD3BE00326852 /* BaseCollectionViewCell.swift */; };
		DBF7351A2B9DD3BE00326852 /* BaseTableViewCell.swift in Sources */ = {isa = PBXBuildFile; fileRef = DBF735162B9DD3BE00326852 /* BaseTableViewCell.swift */; };
		DBF7351B2B9DD3BE00326852 /* BaseViewController.swift in Sources */ = {isa = PBXBuildFile; fileRef = DBF735172B9DD3BE00326852 /* BaseViewController.swift */; };
		DBF7351C2B9DD3BE00326852 /* BaseView.swift in Sources */ = {isa = PBXBuildFile; fileRef = DBF735182B9DD3BE00326852 /* BaseView.swift */; };
		DBF7351E2B9DD3E700326852 /* Observable.swift in Sources */ = {isa = PBXBuildFile; fileRef = DBF7351D2B9DD3E600326852 /* Observable.swift */; };
		DBF735202B9DD3FC00326852 /* DesignSystem.swift in Sources */ = {isa = PBXBuildFile; fileRef = DBF7351F2B9DD3FC00326852 /* DesignSystem.swift */; };
		DBF735222B9DD6F900326852 /* RegisterPillView.swift in Sources */ = {isa = PBXBuildFile; fileRef = DBF735212B9DD6F900326852 /* RegisterPillView.swift */; };
		DBF735242B9DE34900326852 /* UITextfield+Extension.swift in Sources */ = {isa = PBXBuildFile; fileRef = DBF735232B9DE34900326852 /* UITextfield+Extension.swift */; };
		DBF735262B9DECCE00326852 /* SharedProtocol.swift in Sources */ = {isa = PBXBuildFile; fileRef = DBF735252B9DECCE00326852 /* SharedProtocol.swift */; };
		DBF735282B9DF02500326852 /* RegisterPillViewModel.swift in Sources */ = {isa = PBXBuildFile; fileRef = DBF735272B9DF02500326852 /* RegisterPillViewModel.swift */; };
		DBF7352C2B9E9F2700326852 /* PillGrainInfo.swift in Sources */ = {isa = PBXBuildFile; fileRef = DBF7352B2B9E9F2700326852 /* PillGrainInfo.swift */; };
/* End PBXBuildFile section */

/* Begin PBXFileReference section */
		659394A6D31F48048CED413D /* Pods_Pill_IT.framework */ = {isa = PBXFileReference; explicitFileType = wrapper.framework; includeInIndex = 0; path = Pods_Pill_IT.framework; sourceTree = BUILT_PRODUCTS_DIR; };
		AAD492785086F4F1603A51EC /* Pods-Pill-IT.debug.xcconfig */ = {isa = PBXFileReference; includeInIndex = 1; lastKnownFileType = text.xcconfig; name = "Pods-Pill-IT.debug.xcconfig"; path = "Target Support Files/Pods-Pill-IT/Pods-Pill-IT.debug.xcconfig"; sourceTree = "<group>"; };
		DB0368222BA1D18A006A62AD /* UITabbarController+Extension.swift */ = {isa = PBXFileReference; lastKnownFileType = sourcecode.swift; path = "UITabbarController+Extension.swift"; sourceTree = "<group>"; };
		DB0368242BA1DBBB006A62AD /* PillManagementView.swift */ = {isa = PBXFileReference; lastKnownFileType = sourcecode.swift; path = PillManagementView.swift; sourceTree = "<group>"; };
		DB0368262BA1E7E9006A62AD /* PillManagermentCollectionViewCell.swift */ = {isa = PBXFileReference; lastKnownFileType = sourcecode.swift; path = PillManagermentCollectionViewCell.swift; sourceTree = "<group>"; };
		DB0368282BA1F889006A62AD /* PillManagementViewModel.swift */ = {isa = PBXFileReference; lastKnownFileType = sourcecode.swift; path = PillManagementViewModel.swift; sourceTree = "<group>"; };
		DB0F10D82B9F311B000DC430 /* UIView+Extension.swift */ = {isa = PBXFileReference; lastKnownFileType = sourcecode.swift; path = "UIView+Extension.swift"; sourceTree = "<group>"; };
		DB0F10DA2B9F7FCB000DC430 /* NaverSearchModel.swift */ = {isa = PBXFileReference; lastKnownFileType = sourcecode.swift; path = NaverSearchModel.swift; sourceTree = "<group>"; };
		DB0F10DC2B9F83CD000DC430 /* RegisterPillWebSearchViewController.swift */ = {isa = PBXFileReference; lastKnownFileType = sourcecode.swift; path = RegisterPillWebSearchViewController.swift; sourceTree = "<group>"; };
		DB0F10DF2B9F885E000DC430 /* RegisterPillWebSearchCollectionViewCell.swift */ = {isa = PBXFileReference; lastKnownFileType = sourcecode.swift; path = RegisterPillWebSearchCollectionViewCell.swift; sourceTree = "<group>"; };
		DB21CDA82BA03CF00041C892 /* String+Extension.swift */ = {isa = PBXFileReference; lastKnownFileType = sourcecode.swift; path = "String+Extension.swift"; sourceTree = "<group>"; };
		DB5600632B9A458900E6558E /* RealmModel.swift */ = {isa = PBXFileReference; lastKnownFileType = sourcecode.swift; path = RealmModel.swift; sourceTree = "<group>"; };
		DB5E59B62BA5D29500C753BD /* PillAlaramViewModel.swift */ = {isa = PBXFileReference; lastKnownFileType = sourcecode.swift; path = PillAlaramViewModel.swift; sourceTree = "<group>"; };
		DB5E59B82BA5D45D00C753BD /* PillAlarmView.swift */ = {isa = PBXFileReference; lastKnownFileType = sourcecode.swift; path = PillAlarmView.swift; sourceTree = "<group>"; };
		DB5E59BA2BA5DAFE00C753BD /* PillAlarmCollectionViewCell.swift */ = {isa = PBXFileReference; lastKnownFileType = sourcecode.swift; path = PillAlarmCollectionViewCell.swift; sourceTree = "<group>"; };
		DB8D12442BA2EC70002E34BC /* PillAlarmViewController.swift */ = {isa = PBXFileReference; lastKnownFileType = sourcecode.swift; path = PillAlarmViewController.swift; sourceTree = "<group>"; };
		DB8D12462BA3EC69002E34BC /* UICollectionView+Extension.swift */ = {isa = PBXFileReference; lastKnownFileType = sourcecode.swift; path = "UICollectionView+Extension.swift"; sourceTree = "<group>"; };
		DB8D12482BA48B38002E34BC /* SharedEnumeration.swift */ = {isa = PBXFileReference; lastKnownFileType = sourcecode.swift; path = SharedEnumeration.swift; sourceTree = "<group>"; };
		DB8D124A2BA48FD0002E34BC /* UIViewController+Extension.swift */ = {isa = PBXFileReference; lastKnownFileType = sourcecode.swift; path = "UIViewController+Extension.swift"; sourceTree = "<group>"; };
		DBF048672B9AAA080020750F /* PillAPIManager.swift */ = {isa = PBXFileReference; lastKnownFileType = sourcecode.swift; path = PillAPIManager.swift; sourceTree = "<group>"; };
		DBF048692B9B0E9C0020750F /* PillPermitDetailModel.swift */ = {isa = PBXFileReference; lastKnownFileType = sourcecode.swift; path = PillPermitDetailModel.swift; sourceTree = "<group>"; };
		DBF0486D2B9CB2120020750F /* Pill-IT.app */ = {isa = PBXFileReference; explicitFileType = wrapper.application; includeInIndex = 0; path = "Pill-IT.app"; sourceTree = BUILT_PRODUCTS_DIR; };
		DBF446582B9983930021BC0F /* AppDelegate.swift */ = {isa = PBXFileReference; lastKnownFileType = sourcecode.swift; path = AppDelegate.swift; sourceTree = "<group>"; };
		DBF4465A2B9983930021BC0F /* SceneDelegate.swift */ = {isa = PBXFileReference; lastKnownFileType = sourcecode.swift; path = SceneDelegate.swift; sourceTree = "<group>"; };
		DBF446612B9983940021BC0F /* Assets.xcassets */ = {isa = PBXFileReference; lastKnownFileType = folder.assetcatalog; path = Assets.xcassets; sourceTree = "<group>"; };
		DBF446642B9983940021BC0F /* Base */ = {isa = PBXFileReference; lastKnownFileType = file.storyboard; name = Base; path = Base.lproj/LaunchScreen.storyboard; sourceTree = "<group>"; };
		DBF446662B9983940021BC0F /* Info.plist */ = {isa = PBXFileReference; lastKnownFileType = text.plist.xml; path = Info.plist; sourceTree = "<group>"; };
		DBF4466E2B9985FE0021BC0F /* .gitignore */ = {isa = PBXFileReference; lastKnownFileType = text; path = .gitignore; sourceTree = "<group>"; };
		DBF446702B998DBD0021BC0F /* GoogleService-Info.plist */ = {isa = PBXFileReference; fileEncoding = 4; lastKnownFileType = text.plist.xml; path = "GoogleService-Info.plist"; sourceTree = "<group>"; };
		DBF446762B9990500021BC0F /* PillAPI.swift */ = {isa = PBXFileReference; lastKnownFileType = sourcecode.swift; path = PillAPI.swift; sourceTree = "<group>"; };
		DBF4467D2B9990EF0021BC0F /* PillPermitModel.swift */ = {isa = PBXFileReference; lastKnownFileType = sourcecode.swift; path = PillPermitModel.swift; sourceTree = "<group>"; };
		DBF4467F2B9991820021BC0F /* APIKey.swift */ = {isa = PBXFileReference; lastKnownFileType = sourcecode.swift; path = APIKey.swift; sourceTree = "<group>"; };
		DBF446812B99AA4C0021BC0F /* RegisterPillViewController.swift */ = {isa = PBXFileReference; lastKnownFileType = sourcecode.swift; path = RegisterPillViewController.swift; sourceTree = "<group>"; };
		DBF446832B99ADC60021BC0F /* FileDownloadManager.swift */ = {isa = PBXFileReference; lastKnownFileType = sourcecode.swift; path = FileDownloadManager.swift; sourceTree = "<group>"; };
		DBF446882B99EDB10021BC0F /* MetaDataModel.swift */ = {isa = PBXFileReference; lastKnownFileType = sourcecode.swift; path = MetaDataModel.swift; sourceTree = "<group>"; };
		DBF4468D2B9A350E0021BC0F /* PillRepository.swift */ = {isa = PBXFileReference; lastKnownFileType = sourcecode.swift; path = PillRepository.swift; sourceTree = "<group>"; };
		DBF735072B9CB58100326852 /* MainTabBarController.swift */ = {isa = PBXFileReference; lastKnownFileType = sourcecode.swift; path = MainTabBarController.swift; sourceTree = "<group>"; };
		DBF735092B9CBC3000326852 /* NotificationViewController.swift */ = {isa = PBXFileReference; lastKnownFileType = sourcecode.swift; path = NotificationViewController.swift; sourceTree = "<group>"; };
		DBF7350B2B9CBC4300326852 /* PillManagementViewController.swift */ = {isa = PBXFileReference; lastKnownFileType = sourcecode.swift; path = PillManagementViewController.swift; sourceTree = "<group>"; };
		DBF7350F2B9CC6FD00326852 /* extension.swift */ = {isa = PBXFileReference; lastKnownFileType = sourcecode.swift; path = extension.swift; sourceTree = "<group>"; };
		DBF735112B9CC71800326852 /* WHTabbarController.swift */ = {isa = PBXFileReference; lastKnownFileType = sourcecode.swift; path = WHTabbarController.swift; sourceTree = "<group>"; };
		DBF735152B9DD3BE00326852 /* BaseCollectionViewCell.swift */ = {isa = PBXFileReference; fileEncoding = 4; lastKnownFileType = sourcecode.swift; path = BaseCollectionViewCell.swift; sourceTree = "<group>"; };
		DBF735162B9DD3BE00326852 /* BaseTableViewCell.swift */ = {isa = PBXFileReference; fileEncoding = 4; lastKnownFileType = sourcecode.swift; path = BaseTableViewCell.swift; sourceTree = "<group>"; };
		DBF735172B9DD3BE00326852 /* BaseViewController.swift */ = {isa = PBXFileReference; fileEncoding = 4; lastKnownFileType = sourcecode.swift; path = BaseViewController.swift; sourceTree = "<group>"; };
		DBF735182B9DD3BE00326852 /* BaseView.swift */ = {isa = PBXFileReference; fileEncoding = 4; lastKnownFileType = sourcecode.swift; path = BaseView.swift; sourceTree = "<group>"; };
		DBF7351D2B9DD3E600326852 /* Observable.swift */ = {isa = PBXFileReference; fileEncoding = 4; lastKnownFileType = sourcecode.swift; path = Observable.swift; sourceTree = "<group>"; };
		DBF7351F2B9DD3FC00326852 /* DesignSystem.swift */ = {isa = PBXFileReference; fileEncoding = 4; lastKnownFileType = sourcecode.swift; path = DesignSystem.swift; sourceTree = "<group>"; };
		DBF735212B9DD6F900326852 /* RegisterPillView.swift */ = {isa = PBXFileReference; lastKnownFileType = sourcecode.swift; path = RegisterPillView.swift; sourceTree = "<group>"; };
		DBF735232B9DE34900326852 /* UITextfield+Extension.swift */ = {isa = PBXFileReference; lastKnownFileType = sourcecode.swift; path = "UITextfield+Extension.swift"; sourceTree = "<group>"; };
		DBF735252B9DECCE00326852 /* SharedProtocol.swift */ = {isa = PBXFileReference; lastKnownFileType = sourcecode.swift; path = SharedProtocol.swift; sourceTree = "<group>"; };
		DBF735272B9DF02500326852 /* RegisterPillViewModel.swift */ = {isa = PBXFileReference; lastKnownFileType = sourcecode.swift; path = RegisterPillViewModel.swift; sourceTree = "<group>"; };
		DBF7352B2B9E9F2700326852 /* PillGrainInfo.swift */ = {isa = PBXFileReference; lastKnownFileType = sourcecode.swift; path = PillGrainInfo.swift; sourceTree = "<group>"; };
		EF4796FC09B9EA3CCC7E0B08 /* Pods-Pill-IT.release.xcconfig */ = {isa = PBXFileReference; includeInIndex = 1; lastKnownFileType = text.xcconfig; name = "Pods-Pill-IT.release.xcconfig"; path = "Target Support Files/Pods-Pill-IT/Pods-Pill-IT.release.xcconfig"; sourceTree = "<group>"; };
/* End PBXFileReference section */

/* Begin PBXFrameworksBuildPhase section */
		DBF446522B9983930021BC0F /* Frameworks */ = {
			isa = PBXFrameworksBuildPhase;
			buildActionMask = 2147483647;
			files = (
				BD62AE5409713E6182D9F760 /* Pods_Pill_IT.framework in Frameworks */,
			);
			runOnlyForDeploymentPostprocessing = 0;
		};
/* End PBXFrameworksBuildPhase section */

/* Begin PBXGroup section */
		839BDBD0FEB9F807D30C3DD0 /* Frameworks */ = {
			isa = PBXGroup;
			children = (
				659394A6D31F48048CED413D /* Pods_Pill_IT.framework */,
			);
			name = Frameworks;
			sourceTree = "<group>";
		};
		DB0F10DE2B9F8848000DC430 /* Cell */ = {
			isa = PBXGroup;
			children = (
				DB0F10DF2B9F885E000DC430 /* RegisterPillWebSearchCollectionViewCell.swift */,
				DB0368262BA1E7E9006A62AD /* PillManagermentCollectionViewCell.swift */,
				DB5E59BA2BA5DAFE00C753BD /* PillAlarmCollectionViewCell.swift */,
			);
			path = Cell;
			sourceTree = "<group>";
		};
		DBF4464C2B9983930021BC0F = {
			isa = PBXGroup;
			children = (
				DBF4466E2B9985FE0021BC0F /* .gitignore */,
				DBF446572B9983930021BC0F /* Pill-IT */,
				E765AAEA483798C8D9CB2B84 /* Pods */,
				839BDBD0FEB9F807D30C3DD0 /* Frameworks */,
				DBF0486D2B9CB2120020750F /* Pill-IT.app */,
			);
			sourceTree = "<group>";
		};
		DBF446572B9983930021BC0F /* Pill-IT */ = {
			isa = PBXGroup;
			children = (
				DBF4466D2B9985B30021BC0F /* Presentation */,
				DBF735132B9DD35B00326852 /* Utility */,
				DBF4466C2B9985AC0021BC0F /* Resource */,
				DBF446582B9983930021BC0F /* AppDelegate.swift */,
				DBF4465A2B9983930021BC0F /* SceneDelegate.swift */,
				DBF446662B9983940021BC0F /* Info.plist */,
				DBF446702B998DBD0021BC0F /* GoogleService-Info.plist */,
			);
			path = "Pill-IT";
			sourceTree = "<group>";
		};
		DBF4466C2B9985AC0021BC0F /* Resource */ = {
			isa = PBXGroup;
			children = (
				DBF7351F2B9DD3FC00326852 /* DesignSystem.swift */,
				DBF446612B9983940021BC0F /* Assets.xcassets */,
				DBF446632B9983940021BC0F /* LaunchScreen.storyboard */,
			);
			path = Resource;
			sourceTree = "<group>";
		};
		DBF4466D2B9985B30021BC0F /* Presentation */ = {
			isa = PBXGroup;
			children = (
				DBF735142B9DD38B00326852 /* Base */,
				DBF446722B998E840021BC0F /* View */,
				DBF446732B998E8E0021BC0F /* ViewModel */,
				DBF446742B998E950021BC0F /* Model */,
			);
			path = Presentation;
			sourceTree = "<group>";
		};
		DBF446722B998E840021BC0F /* View */ = {
			isa = PBXGroup;
			children = (
				DB0F10DE2B9F8848000DC430 /* Cell */,
				DBF735072B9CB58100326852 /* MainTabBarController.swift */,
				DB0368242BA1DBBB006A62AD /* PillManagementView.swift */,
				DBF7350B2B9CBC4300326852 /* PillManagementViewController.swift */,
				DBF735212B9DD6F900326852 /* RegisterPillView.swift */,
				DBF446812B99AA4C0021BC0F /* RegisterPillViewController.swift */,
				DB0F10DC2B9F83CD000DC430 /* RegisterPillWebSearchViewController.swift */,
				DBF735092B9CBC3000326852 /* NotificationViewController.swift */,
				DB8D12442BA2EC70002E34BC /* PillAlarmViewController.swift */,
				DB5E59B82BA5D45D00C753BD /* PillAlarmView.swift */,
			);
			path = View;
			sourceTree = "<group>";
		};
		DBF446732B998E8E0021BC0F /* ViewModel */ = {
			isa = PBXGroup;
			children = (
				DBF735272B9DF02500326852 /* RegisterPillViewModel.swift */,
				DB0368282BA1F889006A62AD /* PillManagementViewModel.swift */,
				DB5E59B62BA5D29500C753BD /* PillAlaramViewModel.swift */,
			);
			path = ViewModel;
			sourceTree = "<group>";
		};
		DBF446742B998E950021BC0F /* Model */ = {
			isa = PBXGroup;
			children = (
				DBF4467D2B9990EF0021BC0F /* PillPermitModel.swift */,
				DBF048692B9B0E9C0020750F /* PillPermitDetailModel.swift */,
				DBF7352B2B9E9F2700326852 /* PillGrainInfo.swift */,
				DB0F10DA2B9F7FCB000DC430 /* NaverSearchModel.swift */,
				DBF446882B99EDB10021BC0F /* MetaDataModel.swift */,
				DB5600632B9A458900E6558E /* RealmModel.swift */,
			);
			path = Model;
			sourceTree = "<group>";
		};
		DBF446752B998FE00021BC0F /* NetworkManager */ = {
			isa = PBXGroup;
			children = (
				DBF446762B9990500021BC0F /* PillAPI.swift */,
				DBF048672B9AAA080020750F /* PillAPIManager.swift */,
				DBF4467F2B9991820021BC0F /* APIKey.swift */,
			);
			path = NetworkManager;
			sourceTree = "<group>";
		};
		DBF446852B99B11B0021BC0F /* Extension */ = {
			isa = PBXGroup;
			children = (
				DB0368222BA1D18A006A62AD /* UITabbarController+Extension.swift */,
				DBF735232B9DE34900326852 /* UITextfield+Extension.swift */,
				DB0F10D82B9F311B000DC430 /* UIView+Extension.swift */,
				DB21CDA82BA03CF00041C892 /* String+Extension.swift */,
				DB8D12462BA3EC69002E34BC /* UICollectionView+Extension.swift */,
				DB8D124A2BA48FD0002E34BC /* UIViewController+Extension.swift */,
			);
			path = Extension;
			sourceTree = "<group>";
		};
		DBF4468F2B9A351E0021BC0F /* Realm */ = {
			isa = PBXGroup;
			children = (
				DBF4468D2B9A350E0021BC0F /* PillRepository.swift */,
			);
			path = Realm;
			sourceTree = "<group>";
		};
		DBF7350D2B9CC6C700326852 /* CustomPods */ = {
			isa = PBXGroup;
			children = (
				DBF7350E2B9CC6D900326852 /* WHTabbar */,
			);
			path = CustomPods;
			sourceTree = "<group>";
		};
		DBF7350E2B9CC6D900326852 /* WHTabbar */ = {
			isa = PBXGroup;
			children = (
				DBF7350F2B9CC6FD00326852 /* extension.swift */,
				DBF735112B9CC71800326852 /* WHTabbarController.swift */,
			);
			path = WHTabbar;
			sourceTree = "<group>";
		};
		DBF735132B9DD35B00326852 /* Utility */ = {
			isa = PBXGroup;
			children = (
				DBF7350D2B9CC6C700326852 /* CustomPods */,
				DBF446852B99B11B0021BC0F /* Extension */,
				DBF4468F2B9A351E0021BC0F /* Realm */,
				DBF446752B998FE00021BC0F /* NetworkManager */,
				DBF735252B9DECCE00326852 /* SharedProtocol.swift */,
				DB8D12482BA48B38002E34BC /* SharedEnumeration.swift */,
				DBF446832B99ADC60021BC0F /* FileDownloadManager.swift */,
				DBF7351D2B9DD3E600326852 /* Observable.swift */,
			);
			path = Utility;
			sourceTree = "<group>";
		};
		DBF735142B9DD38B00326852 /* Base */ = {
			isa = PBXGroup;
			children = (
				DBF735172B9DD3BE00326852 /* BaseViewController.swift */,
				DBF735152B9DD3BE00326852 /* BaseCollectionViewCell.swift */,
				DBF735162B9DD3BE00326852 /* BaseTableViewCell.swift */,
				DBF735182B9DD3BE00326852 /* BaseView.swift */,
			);
			path = Base;
			sourceTree = "<group>";
		};
		E765AAEA483798C8D9CB2B84 /* Pods */ = {
			isa = PBXGroup;
			children = (
				AAD492785086F4F1603A51EC /* Pods-Pill-IT.debug.xcconfig */,
				EF4796FC09B9EA3CCC7E0B08 /* Pods-Pill-IT.release.xcconfig */,
			);
			path = Pods;
			sourceTree = "<group>";
		};
/* End PBXGroup section */

/* Begin PBXNativeTarget section */
		DBF446542B9983930021BC0F /* Pill-IT */ = {
			isa = PBXNativeTarget;
			buildConfigurationList = DBF446692B9983940021BC0F /* Build configuration list for PBXNativeTarget "Pill-IT" */;
			buildPhases = (
				4BA6A4FBD50C50BDA7548266 /* [CP] Check Pods Manifest.lock */,
				DBF446512B9983930021BC0F /* Sources */,
				DBF446522B9983930021BC0F /* Frameworks */,
				DBF446532B9983930021BC0F /* Resources */,
				4660C50FAB9FA79ECEEA8913 /* [CP] Embed Pods Frameworks */,
			);
			buildRules = (
			);
			dependencies = (
			);
			name = "Pill-IT";
			productName = "Pill-IT";
			productReference = DBF0486D2B9CB2120020750F /* Pill-IT.app */;
			productType = "com.apple.product-type.application";
		};
/* End PBXNativeTarget section */

/* Begin PBXProject section */
		DBF4464D2B9983930021BC0F /* Project object */ = {
			isa = PBXProject;
			attributes = {
				BuildIndependentTargetsInParallel = 1;
				LastSwiftUpdateCheck = 1530;
				LastUpgradeCheck = 1530;
				TargetAttributes = {
					DBF446542B9983930021BC0F = {
						CreatedOnToolsVersion = 15.3;
					};
				};
			};
			buildConfigurationList = DBF446502B9983930021BC0F /* Build configuration list for PBXProject "Pill-IT" */;
			compatibilityVersion = "Xcode 14.0";
			developmentRegion = en;
			hasScannedForEncodings = 0;
			knownRegions = (
				en,
				Base,
			);
			mainGroup = DBF4464C2B9983930021BC0F;
			productRefGroup = DBF4464C2B9983930021BC0F;
			projectDirPath = "";
			projectRoot = "";
			targets = (
				DBF446542B9983930021BC0F /* Pill-IT */,
			);
		};
/* End PBXProject section */

/* Begin PBXResourcesBuildPhase section */
		DBF446532B9983930021BC0F /* Resources */ = {
			isa = PBXResourcesBuildPhase;
			buildActionMask = 2147483647;
			files = (
				DBF4466F2B9985FE0021BC0F /* .gitignore in Resources */,
				DBF446712B998DBD0021BC0F /* GoogleService-Info.plist in Resources */,
				DBF446622B9983940021BC0F /* Assets.xcassets in Resources */,
				DBF446652B9983940021BC0F /* Base in Resources */,
			);
			runOnlyForDeploymentPostprocessing = 0;
		};
/* End PBXResourcesBuildPhase section */

/* Begin PBXShellScriptBuildPhase section */
		4660C50FAB9FA79ECEEA8913 /* [CP] Embed Pods Frameworks */ = {
			isa = PBXShellScriptBuildPhase;
			buildActionMask = 2147483647;
			files = (
			);
			inputFileListPaths = (
				"${PODS_ROOT}/Target Support Files/Pods-Pill-IT/Pods-Pill-IT-frameworks-${CONFIGURATION}-input-files.xcfilelist",
			);
			name = "[CP] Embed Pods Frameworks";
			outputFileListPaths = (
				"${PODS_ROOT}/Target Support Files/Pods-Pill-IT/Pods-Pill-IT-frameworks-${CONFIGURATION}-output-files.xcfilelist",
			);
			runOnlyForDeploymentPostprocessing = 0;
			shellPath = /bin/sh;
			shellScript = "\"${PODS_ROOT}/Target Support Files/Pods-Pill-IT/Pods-Pill-IT-frameworks.sh\"\n";
			showEnvVarsInLog = 0;
		};
		4BA6A4FBD50C50BDA7548266 /* [CP] Check Pods Manifest.lock */ = {
			isa = PBXShellScriptBuildPhase;
			buildActionMask = 2147483647;
			files = (
			);
			inputFileListPaths = (
			);
			inputPaths = (
				"${PODS_PODFILE_DIR_PATH}/Podfile.lock",
				"${PODS_ROOT}/Manifest.lock",
			);
			name = "[CP] Check Pods Manifest.lock";
			outputFileListPaths = (
			);
			outputPaths = (
				"$(DERIVED_FILE_DIR)/Pods-Pill-IT-checkManifestLockResult.txt",
			);
			runOnlyForDeploymentPostprocessing = 0;
			shellPath = /bin/sh;
			shellScript = "diff \"${PODS_PODFILE_DIR_PATH}/Podfile.lock\" \"${PODS_ROOT}/Manifest.lock\" > /dev/null\nif [ $? != 0 ] ; then\n    # print error to STDERR\n    echo \"error: The sandbox is not in sync with the Podfile.lock. Run 'pod install' or update your CocoaPods installation.\" >&2\n    exit 1\nfi\n# This output is used by Xcode 'outputs' to avoid re-running this script phase.\necho \"SUCCESS\" > \"${SCRIPT_OUTPUT_FILE_0}\"\n";
			showEnvVarsInLog = 0;
		};
/* End PBXShellScriptBuildPhase section */

/* Begin PBXSourcesBuildPhase section */
		DBF446512B9983930021BC0F /* Sources */ = {
			isa = PBXSourcesBuildPhase;
			buildActionMask = 2147483647;
			files = (
				DB0F10DB2B9F7FCB000DC430 /* NaverSearchModel.swift in Sources */,
				DB21CDA92BA03CF00041C892 /* String+Extension.swift in Sources */,
				DBF735282B9DF02500326852 /* RegisterPillViewModel.swift in Sources */,
				DB0F10D92B9F311B000DC430 /* UIView+Extension.swift in Sources */,
				DBF7351E2B9DD3E700326852 /* Observable.swift in Sources */,
				DBF735262B9DECCE00326852 /* SharedProtocol.swift in Sources */,
				DBF446892B99EDB10021BC0F /* MetaDataModel.swift in Sources */,
				DB0F10DD2B9F83CD000DC430 /* RegisterPillWebSearchViewController.swift in Sources */,
				DBF735222B9DD6F900326852 /* RegisterPillView.swift in Sources */,
				DBF446842B99ADC60021BC0F /* FileDownloadManager.swift in Sources */,
				DBF0486A2B9B0E9C0020750F /* PillPermitDetailModel.swift in Sources */,
				DB5E59B72BA5D29500C753BD /* PillAlaramViewModel.swift in Sources */,
				DBF7351A2B9DD3BE00326852 /* BaseTableViewCell.swift in Sources */,
				DBF446592B9983930021BC0F /* AppDelegate.swift in Sources */,
				DBF7351B2B9DD3BE00326852 /* BaseViewController.swift in Sources */,
				DB8D12452BA2EC70002E34BC /* PillAlarmViewController.swift in Sources */,
				DBF048682B9AAA080020750F /* PillAPIManager.swift in Sources */,
				DB8D12472BA3EC69002E34BC /* UICollectionView+Extension.swift in Sources */,
				DB5600642B9A458900E6558E /* RealmModel.swift in Sources */,
				DB8D124B2BA48FD0002E34BC /* UIViewController+Extension.swift in Sources */,
				DBF7352C2B9E9F2700326852 /* PillGrainInfo.swift in Sources */,
				DBF735202B9DD3FC00326852 /* DesignSystem.swift in Sources */,
				DBF4468E2B9A350E0021BC0F /* PillRepository.swift in Sources */,
				DB0368292BA1F889006A62AD /* PillManagementViewModel.swift in Sources */,
				DBF735242B9DE34900326852 /* UITextfield+Extension.swift in Sources */,
				DB0368252BA1DBBB006A62AD /* PillManagementView.swift in Sources */,
				DBF735102B9CC6FD00326852 /* extension.swift in Sources */,
				DBF735082B9CB58100326852 /* MainTabBarController.swift in Sources */,
				DBF446822B99AA4C0021BC0F /* RegisterPillViewController.swift in Sources */,
				DBF7350C2B9CBC4300326852 /* PillManagementViewController.swift in Sources */,
				DBF735192B9DD3BE00326852 /* BaseCollectionViewCell.swift in Sources */,
				DB5E59BB2BA5DAFE00C753BD /* PillAlarmCollectionViewCell.swift in Sources */,
				DBF735122B9CC71800326852 /* WHTabbarController.swift in Sources */,
				DB5E59B92BA5D45D00C753BD /* PillAlarmView.swift in Sources */,
				DB0F10E02B9F885E000DC430 /* RegisterPillWebSearchCollectionViewCell.swift in Sources */,
				DB0368232BA1D18A006A62AD /* UITabbarController+Extension.swift in Sources */,
				DBF4465B2B9983930021BC0F /* SceneDelegate.swift in Sources */,
				DBF7350A2B9CBC3000326852 /* NotificationViewController.swift in Sources */,
				DBF4467E2B9990EF0021BC0F /* PillPermitModel.swift in Sources */,
				DB8D12492BA48B38002E34BC /* SharedEnumeration.swift in Sources */,
				DBF7351C2B9DD3BE00326852 /* BaseView.swift in Sources */,
				DB0368272BA1E7E9006A62AD /* PillManagermentCollectionViewCell.swift in Sources */,
				DBF446802B9991820021BC0F /* APIKey.swift in Sources */,
				DBF446772B9990500021BC0F /* PillAPI.swift in Sources */,
			);
			runOnlyForDeploymentPostprocessing = 0;
		};
/* End PBXSourcesBuildPhase section */

/* Begin PBXVariantGroup section */
		DBF446632B9983940021BC0F /* LaunchScreen.storyboard */ = {
			isa = PBXVariantGroup;
			children = (
				DBF446642B9983940021BC0F /* Base */,
			);
			name = LaunchScreen.storyboard;
			sourceTree = "<group>";
		};
/* End PBXVariantGroup section */

/* Begin XCBuildConfiguration section */
		DBF446672B9983940021BC0F /* Debug */ = {
			isa = XCBuildConfiguration;
			buildSettings = {
				ALWAYS_SEARCH_USER_PATHS = NO;
				ASSETCATALOG_COMPILER_GENERATE_SWIFT_ASSET_SYMBOL_EXTENSIONS = YES;
				CLANG_ANALYZER_NONNULL = YES;
				CLANG_ANALYZER_NUMBER_OBJECT_CONVERSION = YES_AGGRESSIVE;
				CLANG_CXX_LANGUAGE_STANDARD = "gnu++20";
				CLANG_ENABLE_MODULES = YES;
				CLANG_ENABLE_OBJC_ARC = YES;
				CLANG_ENABLE_OBJC_WEAK = YES;
				CLANG_WARN_BLOCK_CAPTURE_AUTORELEASING = YES;
				CLANG_WARN_BOOL_CONVERSION = YES;
				CLANG_WARN_COMMA = YES;
				CLANG_WARN_CONSTANT_CONVERSION = YES;
				CLANG_WARN_DEPRECATED_OBJC_IMPLEMENTATIONS = YES;
				CLANG_WARN_DIRECT_OBJC_ISA_USAGE = YES_ERROR;
				CLANG_WARN_DOCUMENTATION_COMMENTS = YES;
				CLANG_WARN_EMPTY_BODY = YES;
				CLANG_WARN_ENUM_CONVERSION = YES;
				CLANG_WARN_INFINITE_RECURSION = YES;
				CLANG_WARN_INT_CONVERSION = YES;
				CLANG_WARN_NON_LITERAL_NULL_CONVERSION = YES;
				CLANG_WARN_OBJC_IMPLICIT_RETAIN_SELF = YES;
				CLANG_WARN_OBJC_LITERAL_CONVERSION = YES;
				CLANG_WARN_OBJC_ROOT_CLASS = YES_ERROR;
				CLANG_WARN_QUOTED_INCLUDE_IN_FRAMEWORK_HEADER = YES;
				CLANG_WARN_RANGE_LOOP_ANALYSIS = YES;
				CLANG_WARN_STRICT_PROTOTYPES = YES;
				CLANG_WARN_SUSPICIOUS_MOVE = YES;
				CLANG_WARN_UNGUARDED_AVAILABILITY = YES_AGGRESSIVE;
				CLANG_WARN_UNREACHABLE_CODE = YES;
				CLANG_WARN__DUPLICATE_METHOD_MATCH = YES;
				COPY_PHASE_STRIP = NO;
				DEBUG_INFORMATION_FORMAT = dwarf;
				ENABLE_STRICT_OBJC_MSGSEND = YES;
				ENABLE_TESTABILITY = YES;
				ENABLE_USER_SCRIPT_SANDBOXING = NO;
				GCC_C_LANGUAGE_STANDARD = gnu17;
				GCC_DYNAMIC_NO_PIC = NO;
				GCC_NO_COMMON_BLOCKS = YES;
				GCC_OPTIMIZATION_LEVEL = 0;
				GCC_PREPROCESSOR_DEFINITIONS = (
					"DEBUG=1",
					"$(inherited)",
				);
				GCC_WARN_64_TO_32_BIT_CONVERSION = YES;
				GCC_WARN_ABOUT_RETURN_TYPE = YES_ERROR;
				GCC_WARN_UNDECLARED_SELECTOR = YES;
				GCC_WARN_UNINITIALIZED_AUTOS = YES_AGGRESSIVE;
				GCC_WARN_UNUSED_FUNCTION = YES;
				GCC_WARN_UNUSED_VARIABLE = YES;
				IPHONEOS_DEPLOYMENT_TARGET = 15.0;
				LOCALIZATION_PREFERS_STRING_CATALOGS = YES;
				MTL_ENABLE_DEBUG_INFO = INCLUDE_SOURCE;
				MTL_FAST_MATH = YES;
				ONLY_ACTIVE_ARCH = YES;
				SDKROOT = iphoneos;
				SWIFT_ACTIVE_COMPILATION_CONDITIONS = "DEBUG $(inherited)";
				SWIFT_OPTIMIZATION_LEVEL = "-Onone";
			};
			name = Debug;
		};
		DBF446682B9983940021BC0F /* Release */ = {
			isa = XCBuildConfiguration;
			buildSettings = {
				ALWAYS_SEARCH_USER_PATHS = NO;
				ASSETCATALOG_COMPILER_GENERATE_SWIFT_ASSET_SYMBOL_EXTENSIONS = YES;
				CLANG_ANALYZER_NONNULL = YES;
				CLANG_ANALYZER_NUMBER_OBJECT_CONVERSION = YES_AGGRESSIVE;
				CLANG_CXX_LANGUAGE_STANDARD = "gnu++20";
				CLANG_ENABLE_MODULES = YES;
				CLANG_ENABLE_OBJC_ARC = YES;
				CLANG_ENABLE_OBJC_WEAK = YES;
				CLANG_WARN_BLOCK_CAPTURE_AUTORELEASING = YES;
				CLANG_WARN_BOOL_CONVERSION = YES;
				CLANG_WARN_COMMA = YES;
				CLANG_WARN_CONSTANT_CONVERSION = YES;
				CLANG_WARN_DEPRECATED_OBJC_IMPLEMENTATIONS = YES;
				CLANG_WARN_DIRECT_OBJC_ISA_USAGE = YES_ERROR;
				CLANG_WARN_DOCUMENTATION_COMMENTS = YES;
				CLANG_WARN_EMPTY_BODY = YES;
				CLANG_WARN_ENUM_CONVERSION = YES;
				CLANG_WARN_INFINITE_RECURSION = YES;
				CLANG_WARN_INT_CONVERSION = YES;
				CLANG_WARN_NON_LITERAL_NULL_CONVERSION = YES;
				CLANG_WARN_OBJC_IMPLICIT_RETAIN_SELF = YES;
				CLANG_WARN_OBJC_LITERAL_CONVERSION = YES;
				CLANG_WARN_OBJC_ROOT_CLASS = YES_ERROR;
				CLANG_WARN_QUOTED_INCLUDE_IN_FRAMEWORK_HEADER = YES;
				CLANG_WARN_RANGE_LOOP_ANALYSIS = YES;
				CLANG_WARN_STRICT_PROTOTYPES = YES;
				CLANG_WARN_SUSPICIOUS_MOVE = YES;
				CLANG_WARN_UNGUARDED_AVAILABILITY = YES_AGGRESSIVE;
				CLANG_WARN_UNREACHABLE_CODE = YES;
				CLANG_WARN__DUPLICATE_METHOD_MATCH = YES;
				COPY_PHASE_STRIP = NO;
				DEBUG_INFORMATION_FORMAT = "dwarf-with-dsym";
				ENABLE_NS_ASSERTIONS = NO;
				ENABLE_STRICT_OBJC_MSGSEND = YES;
				ENABLE_USER_SCRIPT_SANDBOXING = NO;
				GCC_C_LANGUAGE_STANDARD = gnu17;
				GCC_NO_COMMON_BLOCKS = YES;
				GCC_WARN_64_TO_32_BIT_CONVERSION = YES;
				GCC_WARN_ABOUT_RETURN_TYPE = YES_ERROR;
				GCC_WARN_UNDECLARED_SELECTOR = YES;
				GCC_WARN_UNINITIALIZED_AUTOS = YES_AGGRESSIVE;
				GCC_WARN_UNUSED_FUNCTION = YES;
				GCC_WARN_UNUSED_VARIABLE = YES;
				IPHONEOS_DEPLOYMENT_TARGET = 15.0;
				LOCALIZATION_PREFERS_STRING_CATALOGS = YES;
				MTL_ENABLE_DEBUG_INFO = NO;
				MTL_FAST_MATH = YES;
				SDKROOT = iphoneos;
				SWIFT_COMPILATION_MODE = wholemodule;
				VALIDATE_PRODUCT = YES;
			};
			name = Release;
		};
		DBF4466A2B9983940021BC0F /* Debug */ = {
			isa = XCBuildConfiguration;
			baseConfigurationReference = AAD492785086F4F1603A51EC /* Pods-Pill-IT.debug.xcconfig */;
			buildSettings = {
				ASSETCATALOG_COMPILER_APPICON_NAME = AppIcon;
				ASSETCATALOG_COMPILER_GLOBAL_ACCENT_COLOR_NAME = AccentColor;
				CODE_SIGN_STYLE = Automatic;
				CURRENT_PROJECT_VERSION = 1;
				DEVELOPMENT_TEAM = SUZFV58S8B;
				GENERATE_INFOPLIST_FILE = YES;
				INFOPLIST_FILE = "Pill-IT/Info.plist";
				INFOPLIST_KEY_LSApplicationCategoryType = "public.app-category.utilities";
				INFOPLIST_KEY_UIApplicationSupportsIndirectInputEvents = YES;
				INFOPLIST_KEY_UILaunchStoryboardName = LaunchScreen;
				INFOPLIST_KEY_UIMainStoryboardFile = "";
				INFOPLIST_KEY_UISupportedInterfaceOrientations = UIInterfaceOrientationPortrait;
				IPHONEOS_DEPLOYMENT_TARGET = 15.0;
				LD_RUNPATH_SEARCH_PATHS = (
					"$(inherited)",
					"@executable_path/Frameworks",
				);
				MARKETING_VERSION = 1.0;
				PRODUCT_BUNDLE_IDENTIFIER = "com.jinoo.Pill-IT";
				PRODUCT_NAME = "$(TARGET_NAME)";
				SUPPORTED_PLATFORMS = "iphoneos iphonesimulator";
				SUPPORTS_MACCATALYST = NO;
				SUPPORTS_MAC_DESIGNED_FOR_IPHONE_IPAD = NO;
				SUPPORTS_XR_DESIGNED_FOR_IPHONE_IPAD = NO;
				SWIFT_EMIT_LOC_STRINGS = YES;
				SWIFT_VERSION = 5.0;
				TARGETED_DEVICE_FAMILY = 1;
			};
			name = Debug;
		};
		DBF4466B2B9983940021BC0F /* Release */ = {
			isa = XCBuildConfiguration;
			baseConfigurationReference = EF4796FC09B9EA3CCC7E0B08 /* Pods-Pill-IT.release.xcconfig */;
			buildSettings = {
				ASSETCATALOG_COMPILER_APPICON_NAME = AppIcon;
				ASSETCATALOG_COMPILER_GLOBAL_ACCENT_COLOR_NAME = AccentColor;
				CODE_SIGN_STYLE = Automatic;
				CURRENT_PROJECT_VERSION = 1;
				DEVELOPMENT_TEAM = SUZFV58S8B;
				GENERATE_INFOPLIST_FILE = YES;
				INFOPLIST_FILE = "Pill-IT/Info.plist";
				INFOPLIST_KEY_LSApplicationCategoryType = "public.app-category.utilities";
				INFOPLIST_KEY_UIApplicationSupportsIndirectInputEvents = YES;
				INFOPLIST_KEY_UILaunchStoryboardName = LaunchScreen;
				INFOPLIST_KEY_UIMainStoryboardFile = "";
				INFOPLIST_KEY_UISupportedInterfaceOrientations = UIInterfaceOrientationPortrait;
				IPHONEOS_DEPLOYMENT_TARGET = 15.0;
				LD_RUNPATH_SEARCH_PATHS = (
					"$(inherited)",
					"@executable_path/Frameworks",
				);
				MARKETING_VERSION = 1.0;
				PRODUCT_BUNDLE_IDENTIFIER = "com.jinoo.Pill-IT";
				PRODUCT_NAME = "$(TARGET_NAME)";
				SUPPORTED_PLATFORMS = "iphoneos iphonesimulator";
				SUPPORTS_MACCATALYST = NO;
				SUPPORTS_MAC_DESIGNED_FOR_IPHONE_IPAD = NO;
				SUPPORTS_XR_DESIGNED_FOR_IPHONE_IPAD = NO;
				SWIFT_EMIT_LOC_STRINGS = YES;
				SWIFT_VERSION = 5.0;
				TARGETED_DEVICE_FAMILY = 1;
			};
			name = Release;
		};
/* End XCBuildConfiguration section */

/* Begin XCConfigurationList section */
		DBF446502B9983930021BC0F /* Build configuration list for PBXProject "Pill-IT" */ = {
			isa = XCConfigurationList;
			buildConfigurations = (
				DBF446672B9983940021BC0F /* Debug */,
				DBF446682B9983940021BC0F /* Release */,
			);
			defaultConfigurationIsVisible = 0;
			defaultConfigurationName = Release;
		};
		DBF446692B9983940021BC0F /* Build configuration list for PBXNativeTarget "Pill-IT" */ = {
			isa = XCConfigurationList;
			buildConfigurations = (
				DBF4466A2B9983940021BC0F /* Debug */,
				DBF4466B2B9983940021BC0F /* Release */,
			);
			defaultConfigurationIsVisible = 0;
			defaultConfigurationName = Release;
		};
/* End XCConfigurationList section */
	};
	rootObject = DBF4464D2B9983930021BC0F /* Project object */;
}
