// !$*UTF8*$!
{
	archiveVersion = 1;
	classes = {
	};
	objectVersion = 56;
	objects = {

/* Begin PBXBuildFile section */
		DB56005D2B9A372400E6558E /* Alamofire in Frameworks */ = {isa = PBXBuildFile; productRef = DB56005C2B9A372400E6558E /* Alamofire */; };
		DBF446592B9983930021BC0F /* AppDelegate.swift in Sources */ = {isa = PBXBuildFile; fileRef = DBF446582B9983930021BC0F /* AppDelegate.swift */; };
		DBF4465B2B9983930021BC0F /* SceneDelegate.swift in Sources */ = {isa = PBXBuildFile; fileRef = DBF4465A2B9983930021BC0F /* SceneDelegate.swift */; };
		DBF446622B9983940021BC0F /* Assets.xcassets in Resources */ = {isa = PBXBuildFile; fileRef = DBF446612B9983940021BC0F /* Assets.xcassets */; };
		DBF446652B9983940021BC0F /* Base in Resources */ = {isa = PBXBuildFile; fileRef = DBF446642B9983940021BC0F /* Base */; };
		DBF4466F2B9985FE0021BC0F /* .gitignore in Resources */ = {isa = PBXBuildFile; fileRef = DBF4466E2B9985FE0021BC0F /* .gitignore */; };
		DBF446712B998DBD0021BC0F /* GoogleService-Info.plist in Resources */ = {isa = PBXBuildFile; fileRef = DBF446702B998DBD0021BC0F /* GoogleService-Info.plist */; };
		DBF446772B9990500021BC0F /* PillAPI.swift in Sources */ = {isa = PBXBuildFile; fileRef = DBF446762B9990500021BC0F /* PillAPI.swift */; };
		DBF4467E2B9990EF0021BC0F /* PillModel.swift in Sources */ = {isa = PBXBuildFile; fileRef = DBF4467D2B9990EF0021BC0F /* PillModel.swift */; };
		DBF446802B9991820021BC0F /* APIKey.swift in Sources */ = {isa = PBXBuildFile; fileRef = DBF4467F2B9991820021BC0F /* APIKey.swift */; };
		DBF446822B99AA4C0021BC0F /* RegisterPillViewController.swift in Sources */ = {isa = PBXBuildFile; fileRef = DBF446812B99AA4C0021BC0F /* RegisterPillViewController.swift */; };
		DBF446842B99ADC60021BC0F /* FileDownloadManager.swift in Sources */ = {isa = PBXBuildFile; fileRef = DBF446832B99ADC60021BC0F /* FileDownloadManager.swift */; };
		DBF446892B99EDB10021BC0F /* MetaDataModel.swift in Sources */ = {isa = PBXBuildFile; fileRef = DBF446882B99EDB10021BC0F /* MetaDataModel.swift */; };
		DBF4468C2B99F4690021BC0F /* CoreXLSX in Frameworks */ = {isa = PBXBuildFile; productRef = DBF4468B2B99F4690021BC0F /* CoreXLSX */; };
		DBF4468E2B9A350E0021BC0F /* PillRepository.swift in Sources */ = {isa = PBXBuildFile; fileRef = DBF4468D2B9A350E0021BC0F /* PillRepository.swift */; };
/* End PBXBuildFile section */

/* Begin PBXFileReference section */
		DBF446552B9983930021BC0F /* Pill-IT.app */ = {isa = PBXFileReference; explicitFileType = wrapper.application; includeInIndex = 0; path = "Pill-IT.app"; sourceTree = BUILT_PRODUCTS_DIR; };
		DBF446582B9983930021BC0F /* AppDelegate.swift */ = {isa = PBXFileReference; lastKnownFileType = sourcecode.swift; path = AppDelegate.swift; sourceTree = "<group>"; };
		DBF4465A2B9983930021BC0F /* SceneDelegate.swift */ = {isa = PBXFileReference; lastKnownFileType = sourcecode.swift; path = SceneDelegate.swift; sourceTree = "<group>"; };
		DBF446612B9983940021BC0F /* Assets.xcassets */ = {isa = PBXFileReference; lastKnownFileType = folder.assetcatalog; path = Assets.xcassets; sourceTree = "<group>"; };
		DBF446642B9983940021BC0F /* Base */ = {isa = PBXFileReference; lastKnownFileType = file.storyboard; name = Base; path = Base.lproj/LaunchScreen.storyboard; sourceTree = "<group>"; };
		DBF446662B9983940021BC0F /* Info.plist */ = {isa = PBXFileReference; lastKnownFileType = text.plist.xml; path = Info.plist; sourceTree = "<group>"; };
		DBF4466E2B9985FE0021BC0F /* .gitignore */ = {isa = PBXFileReference; lastKnownFileType = text; path = .gitignore; sourceTree = "<group>"; };
		DBF446702B998DBD0021BC0F /* GoogleService-Info.plist */ = {isa = PBXFileReference; fileEncoding = 4; lastKnownFileType = text.plist.xml; path = "GoogleService-Info.plist"; sourceTree = "<group>"; };
		DBF446762B9990500021BC0F /* PillAPI.swift */ = {isa = PBXFileReference; lastKnownFileType = sourcecode.swift; path = PillAPI.swift; sourceTree = "<group>"; };
		DBF4467D2B9990EF0021BC0F /* PillModel.swift */ = {isa = PBXFileReference; lastKnownFileType = sourcecode.swift; path = PillModel.swift; sourceTree = "<group>"; };
		DBF4467F2B9991820021BC0F /* APIKey.swift */ = {isa = PBXFileReference; lastKnownFileType = sourcecode.swift; path = APIKey.swift; sourceTree = "<group>"; };
		DBF446812B99AA4C0021BC0F /* RegisterPillViewController.swift */ = {isa = PBXFileReference; lastKnownFileType = sourcecode.swift; path = RegisterPillViewController.swift; sourceTree = "<group>"; };
		DBF446832B99ADC60021BC0F /* FileDownloadManager.swift */ = {isa = PBXFileReference; lastKnownFileType = sourcecode.swift; path = FileDownloadManager.swift; sourceTree = "<group>"; };
		DBF446882B99EDB10021BC0F /* MetaDataModel.swift */ = {isa = PBXFileReference; lastKnownFileType = sourcecode.swift; path = MetaDataModel.swift; sourceTree = "<group>"; };
		DBF4468D2B9A350E0021BC0F /* PillRepository.swift */ = {isa = PBXFileReference; lastKnownFileType = sourcecode.swift; path = PillRepository.swift; sourceTree = "<group>"; };
/* End PBXFileReference section */

/* Begin PBXFrameworksBuildPhase section */
		DBF446522B9983930021BC0F /* Frameworks */ = {
			isa = PBXFrameworksBuildPhase;
			buildActionMask = 2147483647;
			files = (
				DBF4468C2B99F4690021BC0F /* CoreXLSX in Frameworks */,
				DB56005D2B9A372400E6558E /* Alamofire in Frameworks */,
			);
			runOnlyForDeploymentPostprocessing = 0;
		};
/* End PBXFrameworksBuildPhase section */

/* Begin PBXGroup section */
		DBF4464C2B9983930021BC0F = {
			isa = PBXGroup;
			children = (
				DBF4466E2B9985FE0021BC0F /* .gitignore */,
				DBF446572B9983930021BC0F /* Pill-IT */,
				DBF446562B9983930021BC0F /* Products */,
			);
			sourceTree = "<group>";
		};
		DBF446562B9983930021BC0F /* Products */ = {
			isa = PBXGroup;
			children = (
				DBF446552B9983930021BC0F /* Pill-IT.app */,
			);
			name = Products;
			sourceTree = "<group>";
		};
		DBF446572B9983930021BC0F /* Pill-IT */ = {
			isa = PBXGroup;
			children = (
				DBF4466D2B9985B30021BC0F /* Presentation */,
				DBF4466C2B9985AC0021BC0F /* Resource */,
				DBF446582B9983930021BC0F /* AppDelegate.swift */,
				DBF4465A2B9983930021BC0F /* SceneDelegate.swift */,
				DBF446612B9983940021BC0F /* Assets.xcassets */,
				DBF446632B9983940021BC0F /* LaunchScreen.storyboard */,
				DBF446662B9983940021BC0F /* Info.plist */,
				DBF446702B998DBD0021BC0F /* GoogleService-Info.plist */,
			);
			path = "Pill-IT";
			sourceTree = "<group>";
		};
		DBF4466C2B9985AC0021BC0F /* Resource */ = {
			isa = PBXGroup;
			children = (
				DBF446852B99B11B0021BC0F /* Extension */,
				DBF4468F2B9A351E0021BC0F /* Realm */,
				DBF446752B998FE00021BC0F /* NetworkManager */,
				DBF446832B99ADC60021BC0F /* FileDownloadManager.swift */,
			);
			path = Resource;
			sourceTree = "<group>";
		};
		DBF4466D2B9985B30021BC0F /* Presentation */ = {
			isa = PBXGroup;
			children = (
				DBF446722B998E840021BC0F /* View */,
				DBF446732B998E8E0021BC0F /* ViewModel */,
				DBF446742B998E950021BC0F /* Model */,
			);
			path = Presentation;
			sourceTree = "<group>";
		};
		DBF446722B998E840021BC0F /* View */ = {
			isa = PBXGroup;
			children = (
				DBF446812B99AA4C0021BC0F /* RegisterPillViewController.swift */,
			);
			path = View;
			sourceTree = "<group>";
		};
		DBF446732B998E8E0021BC0F /* ViewModel */ = {
			isa = PBXGroup;
			children = (
			);
			path = ViewModel;
			sourceTree = "<group>";
		};
		DBF446742B998E950021BC0F /* Model */ = {
			isa = PBXGroup;
			children = (
				DBF4467D2B9990EF0021BC0F /* PillModel.swift */,
				DBF446882B99EDB10021BC0F /* MetaDataModel.swift */,
			);
			path = Model;
			sourceTree = "<group>";
		};
		DBF446752B998FE00021BC0F /* NetworkManager */ = {
			isa = PBXGroup;
			children = (
				DBF446762B9990500021BC0F /* PillAPI.swift */,
				DBF4467F2B9991820021BC0F /* APIKey.swift */,
			);
			path = NetworkManager;
			sourceTree = "<group>";
		};
		DBF446852B99B11B0021BC0F /* Extension */ = {
			isa = PBXGroup;
			children = (
			);
			path = Extension;
			sourceTree = "<group>";
		};
		DBF4468F2B9A351E0021BC0F /* Realm */ = {
			isa = PBXGroup;
			children = (
				DBF4468D2B9A350E0021BC0F /* PillRepository.swift */,
			);
			path = Realm;
			sourceTree = "<group>";
		};
/* End PBXGroup section */

/* Begin PBXNativeTarget section */
		DBF446542B9983930021BC0F /* Pill-IT */ = {
			isa = PBXNativeTarget;
			buildConfigurationList = DBF446692B9983940021BC0F /* Build configuration list for PBXNativeTarget "Pill-IT" */;
			buildPhases = (
				DBF446512B9983930021BC0F /* Sources */,
				DBF446522B9983930021BC0F /* Frameworks */,
				DBF446532B9983930021BC0F /* Resources */,
			);
			buildRules = (
			);
			dependencies = (
			);
			name = "Pill-IT";
			packageProductDependencies = (
				DBF4468B2B99F4690021BC0F /* CoreXLSX */,
				DB56005C2B9A372400E6558E /* Alamofire */,
			);
			productName = "Pill-IT";
			productReference = DBF446552B9983930021BC0F /* Pill-IT.app */;
			productType = "com.apple.product-type.application";
		};
/* End PBXNativeTarget section */

/* Begin PBXProject section */
		DBF4464D2B9983930021BC0F /* Project object */ = {
			isa = PBXProject;
			attributes = {
				BuildIndependentTargetsInParallel = 1;
				LastSwiftUpdateCheck = 1530;
				LastUpgradeCheck = 1530;
				TargetAttributes = {
					DBF446542B9983930021BC0F = {
						CreatedOnToolsVersion = 15.3;
					};
				};
			};
			buildConfigurationList = DBF446502B9983930021BC0F /* Build configuration list for PBXProject "Pill-IT" */;
			compatibilityVersion = "Xcode 14.0";
			developmentRegion = en;
			hasScannedForEncodings = 0;
			knownRegions = (
				en,
				Base,
			);
			mainGroup = DBF4464C2B9983930021BC0F;
			packageReferences = (
				DBF4468A2B99F4690021BC0F /* XCRemoteSwiftPackageReference "CoreXLSX" */,
				DB56005B2B9A372400E6558E /* XCRemoteSwiftPackageReference "Alamofire" */,
			);
			productRefGroup = DBF446562B9983930021BC0F /* Products */;
			projectDirPath = "";
			projectRoot = "";
			targets = (
				DBF446542B9983930021BC0F /* Pill-IT */,
			);
		};
/* End PBXProject section */

/* Begin PBXResourcesBuildPhase section */
		DBF446532B9983930021BC0F /* Resources */ = {
			isa = PBXResourcesBuildPhase;
			buildActionMask = 2147483647;
			files = (
				DBF4466F2B9985FE0021BC0F /* .gitignore in Resources */,
				DBF446712B998DBD0021BC0F /* GoogleService-Info.plist in Resources */,
				DBF446622B9983940021BC0F /* Assets.xcassets in Resources */,
				DBF446652B9983940021BC0F /* Base in Resources */,
			);
			runOnlyForDeploymentPostprocessing = 0;
		};
/* End PBXResourcesBuildPhase section */

/* Begin PBXSourcesBuildPhase section */
		DBF446512B9983930021BC0F /* Sources */ = {
			isa = PBXSourcesBuildPhase;
			buildActionMask = 2147483647;
			files = (
				DBF446892B99EDB10021BC0F /* MetaDataModel.swift in Sources */,
				DBF446842B99ADC60021BC0F /* FileDownloadManager.swift in Sources */,
				DBF446592B9983930021BC0F /* AppDelegate.swift in Sources */,
				DBF4468E2B9A350E0021BC0F /* PillRepository.swift in Sources */,
				DBF446822B99AA4C0021BC0F /* RegisterPillViewController.swift in Sources */,
				DBF4465B2B9983930021BC0F /* SceneDelegate.swift in Sources */,
				DBF4467E2B9990EF0021BC0F /* PillModel.swift in Sources */,
				DBF446802B9991820021BC0F /* APIKey.swift in Sources */,
				DBF446772B9990500021BC0F /* PillAPI.swift in Sources */,
			);
			runOnlyForDeploymentPostprocessing = 0;
		};
/* End PBXSourcesBuildPhase section */

/* Begin PBXVariantGroup section */
		DBF446632B9983940021BC0F /* LaunchScreen.storyboard */ = {
			isa = PBXVariantGroup;
			children = (
				DBF446642B9983940021BC0F /* Base */,
			);
			name = LaunchScreen.storyboard;
			sourceTree = "<group>";
		};
/* End PBXVariantGroup section */

/* Begin XCBuildConfiguration section */
		DBF446672B9983940021BC0F /* Debug */ = {
			isa = XCBuildConfiguration;
			buildSettings = {
				ALWAYS_SEARCH_USER_PATHS = NO;
				ASSETCATALOG_COMPILER_GENERATE_SWIFT_ASSET_SYMBOL_EXTENSIONS = YES;
				CLANG_ANALYZER_NONNULL = YES;
				CLANG_ANALYZER_NUMBER_OBJECT_CONVERSION = YES_AGGRESSIVE;
				CLANG_CXX_LANGUAGE_STANDARD = "gnu++20";
				CLANG_ENABLE_MODULES = YES;
				CLANG_ENABLE_OBJC_ARC = YES;
				CLANG_ENABLE_OBJC_WEAK = YES;
				CLANG_WARN_BLOCK_CAPTURE_AUTORELEASING = YES;
				CLANG_WARN_BOOL_CONVERSION = YES;
				CLANG_WARN_COMMA = YES;
				CLANG_WARN_CONSTANT_CONVERSION = YES;
				CLANG_WARN_DEPRECATED_OBJC_IMPLEMENTATIONS = YES;
				CLANG_WARN_DIRECT_OBJC_ISA_USAGE = YES_ERROR;
				CLANG_WARN_DOCUMENTATION_COMMENTS = YES;
				CLANG_WARN_EMPTY_BODY = YES;
				CLANG_WARN_ENUM_CONVERSION = YES;
				CLANG_WARN_INFINITE_RECURSION = YES;
				CLANG_WARN_INT_CONVERSION = YES;
				CLANG_WARN_NON_LITERAL_NULL_CONVERSION = YES;
				CLANG_WARN_OBJC_IMPLICIT_RETAIN_SELF = YES;
				CLANG_WARN_OBJC_LITERAL_CONVERSION = YES;
				CLANG_WARN_OBJC_ROOT_CLASS = YES_ERROR;
				CLANG_WARN_QUOTED_INCLUDE_IN_FRAMEWORK_HEADER = YES;
				CLANG_WARN_RANGE_LOOP_ANALYSIS = YES;
				CLANG_WARN_STRICT_PROTOTYPES = YES;
				CLANG_WARN_SUSPICIOUS_MOVE = YES;
				CLANG_WARN_UNGUARDED_AVAILABILITY = YES_AGGRESSIVE;
				CLANG_WARN_UNREACHABLE_CODE = YES;
				CLANG_WARN__DUPLICATE_METHOD_MATCH = YES;
				COPY_PHASE_STRIP = NO;
				DEBUG_INFORMATION_FORMAT = dwarf;
				ENABLE_STRICT_OBJC_MSGSEND = YES;
				ENABLE_TESTABILITY = YES;
				ENABLE_USER_SCRIPT_SANDBOXING = YES;
				GCC_C_LANGUAGE_STANDARD = gnu17;
				GCC_DYNAMIC_NO_PIC = NO;
				GCC_NO_COMMON_BLOCKS = YES;
				GCC_OPTIMIZATION_LEVEL = 0;
				GCC_PREPROCESSOR_DEFINITIONS = (
					"DEBUG=1",
					"$(inherited)",
				);
				GCC_WARN_64_TO_32_BIT_CONVERSION = YES;
				GCC_WARN_ABOUT_RETURN_TYPE = YES_ERROR;
				GCC_WARN_UNDECLARED_SELECTOR = YES;
				GCC_WARN_UNINITIALIZED_AUTOS = YES_AGGRESSIVE;
				GCC_WARN_UNUSED_FUNCTION = YES;
				GCC_WARN_UNUSED_VARIABLE = YES;
				IPHONEOS_DEPLOYMENT_TARGET = 17.4;
				LOCALIZATION_PREFERS_STRING_CATALOGS = YES;
				MTL_ENABLE_DEBUG_INFO = INCLUDE_SOURCE;
				MTL_FAST_MATH = YES;
				ONLY_ACTIVE_ARCH = YES;
				SDKROOT = iphoneos;
				SWIFT_ACTIVE_COMPILATION_CONDITIONS = "DEBUG $(inherited)";
				SWIFT_OPTIMIZATION_LEVEL = "-Onone";
			};
			name = Debug;
		};
		DBF446682B9983940021BC0F /* Release */ = {
			isa = XCBuildConfiguration;
			buildSettings = {
				ALWAYS_SEARCH_USER_PATHS = NO;
				ASSETCATALOG_COMPILER_GENERATE_SWIFT_ASSET_SYMBOL_EXTENSIONS = YES;
				CLANG_ANALYZER_NONNULL = YES;
				CLANG_ANALYZER_NUMBER_OBJECT_CONVERSION = YES_AGGRESSIVE;
				CLANG_CXX_LANGUAGE_STANDARD = "gnu++20";
				CLANG_ENABLE_MODULES = YES;
				CLANG_ENABLE_OBJC_ARC = YES;
				CLANG_ENABLE_OBJC_WEAK = YES;
				CLANG_WARN_BLOCK_CAPTURE_AUTORELEASING = YES;
				CLANG_WARN_BOOL_CONVERSION = YES;
				CLANG_WARN_COMMA = YES;
				CLANG_WARN_CONSTANT_CONVERSION = YES;
				CLANG_WARN_DEPRECATED_OBJC_IMPLEMENTATIONS = YES;
				CLANG_WARN_DIRECT_OBJC_ISA_USAGE = YES_ERROR;
				CLANG_WARN_DOCUMENTATION_COMMENTS = YES;
				CLANG_WARN_EMPTY_BODY = YES;
				CLANG_WARN_ENUM_CONVERSION = YES;
				CLANG_WARN_INFINITE_RECURSION = YES;
				CLANG_WARN_INT_CONVERSION = YES;
				CLANG_WARN_NON_LITERAL_NULL_CONVERSION = YES;
				CLANG_WARN_OBJC_IMPLICIT_RETAIN_SELF = YES;
				CLANG_WARN_OBJC_LITERAL_CONVERSION = YES;
				CLANG_WARN_OBJC_ROOT_CLASS = YES_ERROR;
				CLANG_WARN_QUOTED_INCLUDE_IN_FRAMEWORK_HEADER = YES;
				CLANG_WARN_RANGE_LOOP_ANALYSIS = YES;
				CLANG_WARN_STRICT_PROTOTYPES = YES;
				CLANG_WARN_SUSPICIOUS_MOVE = YES;
				CLANG_WARN_UNGUARDED_AVAILABILITY = YES_AGGRESSIVE;
				CLANG_WARN_UNREACHABLE_CODE = YES;
				CLANG_WARN__DUPLICATE_METHOD_MATCH = YES;
				COPY_PHASE_STRIP = NO;
				DEBUG_INFORMATION_FORMAT = "dwarf-with-dsym";
				ENABLE_NS_ASSERTIONS = NO;
				ENABLE_STRICT_OBJC_MSGSEND = YES;
				ENABLE_USER_SCRIPT_SANDBOXING = YES;
				GCC_C_LANGUAGE_STANDARD = gnu17;
				GCC_NO_COMMON_BLOCKS = YES;
				GCC_WARN_64_TO_32_BIT_CONVERSION = YES;
				GCC_WARN_ABOUT_RETURN_TYPE = YES_ERROR;
				GCC_WARN_UNDECLARED_SELECTOR = YES;
				GCC_WARN_UNINITIALIZED_AUTOS = YES_AGGRESSIVE;
				GCC_WARN_UNUSED_FUNCTION = YES;
				GCC_WARN_UNUSED_VARIABLE = YES;
				IPHONEOS_DEPLOYMENT_TARGET = 17.4;
				LOCALIZATION_PREFERS_STRING_CATALOGS = YES;
				MTL_ENABLE_DEBUG_INFO = NO;
				MTL_FAST_MATH = YES;
				SDKROOT = iphoneos;
				SWIFT_COMPILATION_MODE = wholemodule;
				VALIDATE_PRODUCT = YES;
			};
			name = Release;
		};
		DBF4466A2B9983940021BC0F /* Debug */ = {
			isa = XCBuildConfiguration;
			buildSettings = {
				ASSETCATALOG_COMPILER_APPICON_NAME = AppIcon;
				ASSETCATALOG_COMPILER_GLOBAL_ACCENT_COLOR_NAME = AccentColor;
				CODE_SIGN_STYLE = Automatic;
				CURRENT_PROJECT_VERSION = 1;
				DEVELOPMENT_TEAM = SUZFV58S8B;
				GENERATE_INFOPLIST_FILE = YES;
				INFOPLIST_FILE = "Pill-IT/Info.plist";
				INFOPLIST_KEY_LSApplicationCategoryType = "public.app-category.utilities";
				INFOPLIST_KEY_UIApplicationSupportsIndirectInputEvents = YES;
				INFOPLIST_KEY_UILaunchStoryboardName = LaunchScreen;
				INFOPLIST_KEY_UIMainStoryboardFile = "";
				INFOPLIST_KEY_UISupportedInterfaceOrientations = UIInterfaceOrientationPortrait;
				IPHONEOS_DEPLOYMENT_TARGET = 15.0;
				LD_RUNPATH_SEARCH_PATHS = (
					"$(inherited)",
					"@executable_path/Frameworks",
				);
				MARKETING_VERSION = 1.0;
				PRODUCT_BUNDLE_IDENTIFIER = "com.jinoo.Pill-IT";
				PRODUCT_NAME = "$(TARGET_NAME)";
				SWIFT_EMIT_LOC_STRINGS = YES;
				SWIFT_VERSION = 5.0;
				TARGETED_DEVICE_FAMILY = "1,2";
			};
			name = Debug;
		};
		DBF4466B2B9983940021BC0F /* Release */ = {
			isa = XCBuildConfiguration;
			buildSettings = {
				ASSETCATALOG_COMPILER_APPICON_NAME = AppIcon;
				ASSETCATALOG_COMPILER_GLOBAL_ACCENT_COLOR_NAME = AccentColor;
				CODE_SIGN_STYLE = Automatic;
				CURRENT_PROJECT_VERSION = 1;
				DEVELOPMENT_TEAM = SUZFV58S8B;
				GENERATE_INFOPLIST_FILE = YES;
				INFOPLIST_FILE = "Pill-IT/Info.plist";
				INFOPLIST_KEY_LSApplicationCategoryType = "public.app-category.utilities";
				INFOPLIST_KEY_UIApplicationSupportsIndirectInputEvents = YES;
				INFOPLIST_KEY_UILaunchStoryboardName = LaunchScreen;
				INFOPLIST_KEY_UIMainStoryboardFile = "";
				INFOPLIST_KEY_UISupportedInterfaceOrientations = UIInterfaceOrientationPortrait;
				IPHONEOS_DEPLOYMENT_TARGET = 15.0;
				LD_RUNPATH_SEARCH_PATHS = (
					"$(inherited)",
					"@executable_path/Frameworks",
				);
				MARKETING_VERSION = 1.0;
				PRODUCT_BUNDLE_IDENTIFIER = "com.jinoo.Pill-IT";
				PRODUCT_NAME = "$(TARGET_NAME)";
				SWIFT_EMIT_LOC_STRINGS = YES;
				SWIFT_VERSION = 5.0;
				TARGETED_DEVICE_FAMILY = "1,2";
			};
			name = Release;
		};
/* End XCBuildConfiguration section */

/* Begin XCConfigurationList section */
		DBF446502B9983930021BC0F /* Build configuration list for PBXProject "Pill-IT" */ = {
			isa = XCConfigurationList;
			buildConfigurations = (
				DBF446672B9983940021BC0F /* Debug */,
				DBF446682B9983940021BC0F /* Release */,
			);
			defaultConfigurationIsVisible = 0;
			defaultConfigurationName = Release;
		};
		DBF446692B9983940021BC0F /* Build configuration list for PBXNativeTarget "Pill-IT" */ = {
			isa = XCConfigurationList;
			buildConfigurations = (
				DBF4466A2B9983940021BC0F /* Debug */,
				DBF4466B2B9983940021BC0F /* Release */,
			);
			defaultConfigurationIsVisible = 0;
			defaultConfigurationName = Release;
		};
/* End XCConfigurationList section */

/* Begin XCRemoteSwiftPackageReference section */
		DB56005B2B9A372400E6558E /* XCRemoteSwiftPackageReference "Alamofire" */ = {
			isa = XCRemoteSwiftPackageReference;
			repositoryURL = "https://github.com/Alamofire/Alamofire";
			requirement = {
				kind = exactVersion;
				version = 5.8.0;
			};
		};
		DBF4468A2B99F4690021BC0F /* XCRemoteSwiftPackageReference "CoreXLSX" */ = {
			isa = XCRemoteSwiftPackageReference;
			repositoryURL = "https://github.com/CoreOffice/CoreXLSX.git";
			requirement = {
				kind = upToNextMajorVersion;
				minimumVersion = 0.14.2;
			};
		};
/* End XCRemoteSwiftPackageReference section */

/* Begin XCSwiftPackageProductDependency section */
		DB56005C2B9A372400E6558E /* Alamofire */ = {
			isa = XCSwiftPackageProductDependency;
			package = DB56005B2B9A372400E6558E /* XCRemoteSwiftPackageReference "Alamofire" */;
			productName = Alamofire;
		};
		DBF4468B2B99F4690021BC0F /* CoreXLSX */ = {
			isa = XCSwiftPackageProductDependency;
			package = DBF4468A2B99F4690021BC0F /* XCRemoteSwiftPackageReference "CoreXLSX" */;
			productName = CoreXLSX;
		};
/* End XCSwiftPackageProductDependency section */
	};
	rootObject = DBF4464D2B9983930021BC0F /* Project object */;
}
