{
  "originHash" : "d624c69b4b9bda63c79717ae0cfe0bf3d74b11fcd3cf9f2c01f6d10627d5db21",
  "pins" : [
    {
      "identity" : "alamofire",
      "kind" : "remoteSourceControl",
      "location" : "https://github.com/Alamofire/Alamofire",
      "state" : {
        "revision" : "b2fa556e4e48cbf06cf8c63def138c98f4b811fa",
        "version" : "5.8.0"
      }
    },
    {
      "identity" : "realm-core",
      "kind" : "remoteSourceControl",
      "location" : "https://github.com/realm/realm-core.git",
      "state" : {
        "revision" : "31bcd833c8f67b02f319bede83a05c65868258a9",
        "version" : "13.24.1"
      }
    },
    {
      "identity" : "realm-swift",
      "kind" : "remoteSourceControl",
      "location" : "https://github.com/realm/realm-swift.git",
      "state" : {
        "revision" : "2300f05167898acb20a7f7c1199e8a1cf97d6039",
        "version" : "10.45.0"
      }
    }
  ],
  "version" : 3
}
